
Microsoft Visual Studio Solution File, Format Version 12.00
# Visual Studio 15
VisualStudioVersion = 15.0.27130.2027
MinimumVisualStudioVersion = 10.0.40219.1
Project("{FAE04EC0-301F-11D3-BF4B-00C04F79EFBC}") = "OreoChocolates", "OreoChocolates\OreoChocolates.csproj", "{1B9F1455-41D6-4147-8A8B-8742F56FE6DB}"
EndProject
Project("{FAE04EC0-301F-11D3-BF4B-00C04F79EFBC}") = "SGTIN96", "SGTIN96\SGTIN96\SGTIN96.csproj", "{3C41C89C-D5EA-4FF7-9D89-9376671E8255}"
EndProject
Global
	GlobalSection(SolutionConfigurationPlatforms) = preSolution
		Debug|Any CPU = Debug|Any CPU
		Release|Any CPU = Release|Any CPU
	EndGlobalSection
	GlobalSection(ProjectConfigurationPlatforms) = postSolution
		{1B9F1455-41D6-4147-8A8B-8742F56FE6DB}.Debug|Any CPU.ActiveCfg = Debug|Any CPU
		{1B9F1455-41D6-4147-8A8B-8742F56FE6DB}.Debug|Any CPU.Build.0 = Debug|Any CPU
		{1B9F1455-41D6-4147-8A8B-8742F56FE6DB}.Release|Any CPU.ActiveCfg = Release|Any CPU
		{1B9F1455-41D6-4147-8A8B-8742F56FE6DB}.Release|Any CPU.Build.0 = Release|Any CPU
		{3C41C89C-D5EA-4FF7-9D89-9376671E8255}.Debug|Any CPU.ActiveCfg = Debug|Any CPU
		{3C41C89C-D5EA-4FF7-9D89-9376671E8255}.Debug|Any CPU.Build.0 = Debug|Any CPU
		{3C41C89C-D5EA-4FF7-9D89-9376671E8255}.Release|Any CPU.ActiveCfg = Release|Any CPU
		{3C41C89C-D5EA-4FF7-9D89-9376671E8255}.Release|Any CPU.Build.0 = Release|Any CPU
	EndGlobalSection
	GlobalSection(SolutionProperties) = preSolution
		HideSolutionNode = FALSE
	EndGlobalSection
	GlobalSection(ExtensibilityGlobals) = postSolution
		SolutionGuid = {B89AD454-711D-4E0A-A783-020F5EC5DA1C}
	EndGlobalSection
EndGlobal
